// !$*UTF8*$!
{
	archiveVersion = 1;
	classes = {
	};
	objectVersion = 42;
	objects = {

/* Begin PBXBuildFile section */
		01A864A8066FDF20005BB3E4 /* MyColorNEFilter.cikernel in Resources */ = {isa = PBXBuildFile; fileRef = 01A864A7066FDF20005BB3E4 /* MyColorNEFilter.cikernel */; };
		01EF2744065982E90035FD02 /* Description.plist in Resources */ = {isa = PBXBuildFile; fileRef = 01EF2743065982E90035FD02 /* Description.plist */; };
		01EF28860659A5DC0035FD02 /* Description.strings in Resources */ = {isa = PBXBuildFile; fileRef = 01EF28850659A5DC0035FD02 /* Description.strings */; };
		08E9457227D5EC6B00BD84E8 /* MyColorNEFilter2.cikernel in Resources */ = {isa = PBXBuildFile; fileRef = 08E9457127D5EC6B00BD84E8 /* MyColorNEFilter2.cikernel */; };
		08E9457427D5FE1E00BD84E8 /* MyColorNEFilter3.cikernel in Resources */ = {isa = PBXBuildFile; fileRef = 08E9457327D5FE1E00BD84E8 /* MyColorNEFilter3.cikernel */; };
		8D5B49A804867FD3000E48DA /* InfoPlist.strings in Resources */ = {isa = PBXBuildFile; fileRef = 8D5B49A704867FD3000E48DA /* InfoPlist.strings */; };
/* End PBXBuildFile section */

/* Begin PBXFileReference section */
		01A864A7066FDF20005BB3E4 /* MyColorNEFilter.cikernel */ = {isa = PBXFileReference; fileEncoding = 4; lastKnownFileType = text; path = MyColorNEFilter.cikernel; sourceTree = "<group>"; };
		01EF2743065982E90035FD02 /* Description.plist */ = {isa = PBXFileReference; fileEncoding = 4; lastKnownFileType = text.plist; path = Description.plist; sourceTree = "<group>"; };
		088AED0027D8E0BD00C8A798 /* en */ = {isa = PBXFileReference; lastKnownFileType = text.plist.strings; name = en; path = en.lproj/Description.strings; sourceTree = "<group>"; };
		088AED0127D8E0BD00C8A798 /* en */ = {isa = PBXFileReference; lastKnownFileType = text.plist.strings; name = en; path = en.lproj/InfoPlist.strings; sourceTree = "<group>"; };
		08E9457127D5EC6B00BD84E8 /* MyColorNEFilter2.cikernel */ = {isa = PBXFileReference; lastKnownFileType = text; path = MyColorNEFilter2.cikernel; sourceTree = "<group>"; };
		08E9457327D5FE1E00BD84E8 /* MyColorNEFilter3.cikernel */ = {isa = PBXFileReference; lastKnownFileType = text; path = MyColorNEFilter3.cikernel; sourceTree = "<group>"; };
		8D576316048677EA00EA77CD /* MyColorUnit.plugin */ = {isa = PBXFileReference; explicitFileType = wrapper.cfbundle; includeInIndex = 0; path = MyColorUnit.plugin; sourceTree = BUILT_PRODUCTS_DIR; };
		8D576317048677EA00EA77CD /* Info.plist */ = {isa = PBXFileReference; fileEncoding = 4; lastKnownFileType = text.plist; path = Info.plist; sourceTree = "<group>"; };
/* End PBXFileReference section */

/* Begin PBXFrameworksBuildPhase section */
		8D576313048677EA00EA77CD /* Frameworks */ = {
			isa = PBXFrameworksBuildPhase;
			buildActionMask = 2147483647;
			files = (
			);
			runOnlyForDeploymentPostprocessing = 0;
		};
/* End PBXFrameworksBuildPhase section */

/* Begin PBXGroup section */
		085FCB3227D891DC007139C6 /* Frameworks */ = {
			isa = PBXGroup;
			children = (
			);
			name = Frameworks;
			sourceTree = "<group>";
		};
		089C166AFE841209C02AAC07 /* CIDemoFilterPlugin */ = {
			isa = PBXGroup;
			children = (
				08FB77AFFE84173DC02AAC07 /* Source */,
				089C167CFE841241C02AAC07 /* Resources */,
				085FCB3227D891DC007139C6 /* Frameworks */,
				19C28FB6FE9D52B211CA2CBB /* Products */,
			);
			name = CIDemoFilterPlugin;
			sourceTree = "<group>";
		};
		089C167CFE841241C02AAC07 /* Resources */ = {
			isa = PBXGroup;
			children = (
				8D576317048677EA00EA77CD /* Info.plist */,
				8D5B49A704867FD3000E48DA /* InfoPlist.strings */,
				01EF2743065982E90035FD02 /* Description.plist */,
				01EF28850659A5DC0035FD02 /* Description.strings */,
				01A864A7066FDF20005BB3E4 /* MyColorNEFilter.cikernel */,
				08E9457127D5EC6B00BD84E8 /* MyColorNEFilter2.cikernel */,
				08E9457327D5FE1E00BD84E8 /* MyColorNEFilter3.cikernel */,
			);
			name = Resources;
			sourceTree = "<group>";
		};
		08FB77AFFE84173DC02AAC07 /* Source */ = {
			isa = PBXGroup;
			children = (
			);
			name = Source;
			sourceTree = "<group>";
		};
		19C28FB6FE9D52B211CA2CBB /* Products */ = {
			isa = PBXGroup;
			children = (
				8D576316048677EA00EA77CD /* MyColorUnit.plugin */,
			);
			name = Products;
			sourceTree = "<group>";
		};
/* End PBXGroup section */

/* Begin PBXHeadersBuildPhase section */
		8D57630E048677EA00EA77CD /* Headers */ = {
			isa = PBXHeadersBuildPhase;
			buildActionMask = 2147483647;
			files = (
			);
			runOnlyForDeploymentPostprocessing = 0;
		};
/* End PBXHeadersBuildPhase section */

/* Begin PBXNativeTarget section */
		8D57630D048677EA00EA77CD /* MyColorUnit */ = {
			isa = PBXNativeTarget;
			buildConfigurationList = 01E2165709EDACA200E66AF8 /* Build configuration list for PBXNativeTarget "MyColorUnit" */;
			buildPhases = (
				8D57630E048677EA00EA77CD /* Headers */,
				8D57630F048677EA00EA77CD /* Resources */,
				8D576311048677EA00EA77CD /* Sources */,
				8D576313048677EA00EA77CD /* Frameworks */,
				8D576315048677EA00EA77CD /* Rez */,
			);
			buildRules = (
			);
			dependencies = (
			);
			name = MyColorUnit;
			productInstallPath = "$(HOME)/Library/Bundles";
			productName = CIDemoFilterPlugin;
			productReference = 8D576316048677EA00EA77CD /* MyColorUnit.plugin */;
			productType = "com.apple.product-type.bundle";
		};
/* End PBXNativeTarget section */

/* Begin PBXProject section */
		089C1669FE841209C02AAC07 /* Project object */ = {
			isa = PBXProject;
			attributes = {
				LastUpgradeCheck = 1320;
			};
			buildConfigurationList = 01E2165B09EDACA200E66AF8 /* Build configuration list for PBXProject "MyColorUnit" */;
			compatibilityVersion = "Xcode 2.4";
			developmentRegion = en;
			hasScannedForEncodings = 1;
			knownRegions = (
				en,
				Base,
			);
			mainGroup = 089C166AFE841209C02AAC07 /* CIDemoFilterPlugin */;
			projectDirPath = "";
			projectRoot = "";
			targets = (
				8D57630D048677EA00EA77CD /* MyColorUnit */,
			);
		};
/* End PBXProject section */

/* Begin PBXResourcesBuildPhase section */
		8D57630F048677EA00EA77CD /* Resources */ = {
			isa = PBXResourcesBuildPhase;
			buildActionMask = 2147483647;
			files = (
				8D5B49A804867FD3000E48DA /* InfoPlist.strings in Resources */,
				01EF2744065982E90035FD02 /* Description.plist in Resources */,
				01EF28860659A5DC0035FD02 /* Description.strings in Resources */,
				01A864A8066FDF20005BB3E4 /* MyColorNEFilter.cikernel in Resources */,
				08E9457227D5EC6B00BD84E8 /* MyColorNEFilter2.cikernel in Resources */,
				08E9457427D5FE1E00BD84E8 /* MyColorNEFilter3.cikernel in Resources */,
			);
			runOnlyForDeploymentPostprocessing = 0;
		};
/* End PBXResourcesBuildPhase section */

/* Begin PBXRezBuildPhase section */
		8D576315048677EA00EA77CD /* Rez */ = {
			isa = PBXRezBuildPhase;
			buildActionMask = 2147483647;
			files = (
			);
			runOnlyForDeploymentPostprocessing = 0;
		};
/* End PBXRezBuildPhase section */

/* Begin PBXSourcesBuildPhase section */
		8D576311048677EA00EA77CD /* Sources */ = {
			isa = PBXSourcesBuildPhase;
			buildActionMask = 2147483647;
			files = (
			);
			runOnlyForDeploymentPostprocessing = 0;
		};
/* End PBXSourcesBuildPhase section */

/* Begin PBXVariantGroup section */
		01EF28850659A5DC0035FD02 /* Description.strings */ = {
			isa = PBXVariantGroup;
			children = (
				088AED0027D8E0BD00C8A798 /* en */,
			);
			name = Description.strings;
			sourceTree = "<group>";
		};
		8D5B49A704867FD3000E48DA /* InfoPlist.strings */ = {
			isa = PBXVariantGroup;
			children = (
				088AED0127D8E0BD00C8A798 /* en */,
			);
			name = InfoPlist.strings;
			sourceTree = "<group>";
		};
/* End PBXVariantGroup section */

/* Begin XCBuildConfiguration section */
		01E2165809EDACA200E66AF8 /* Development */ = {
			isa = XCBuildConfiguration;
			buildSettings = {
				ALWAYS_SEARCH_USER_PATHS = NO;
				CLANG_ENABLE_OBJC_WEAK = YES;
				COPY_PHASE_STRIP = NO;
				DEBUGGING_SYMBOLS = YES;
				GCC_DYNAMIC_NO_PIC = NO;
				GCC_GENERATE_DEBUGGING_SYMBOLS = YES;
				GCC_OPTIMIZATION_LEVEL = 0;
				GCC_PRECOMPILE_PREFIX_HEADER = NO;
				GCC_WARN_FOUR_CHARACTER_CONSTANTS = NO;
				GCC_WARN_UNKNOWN_PRAGMAS = NO;
				INFOPLIST_FILE = Info.plist;
				LIBRARY_STYLE = BUNDLE;
				OTHER_CFLAGS = "";
				PRODUCT_BUNDLE_IDENTIFIER = com.makotoy.MyColorUnit;
				PRODUCT_NAME = MyColorUnit;
				WARNING_CFLAGS = (
					"-Wmost",
					"-Wno-four-char-constants",
					"-Wno-unknown-pragmas",
				);
				WRAPPER_EXTENSION = plugin;
			};
			name = Development;
		};
		01E2165909EDACA200E66AF8 /* Deployment */ = {
			isa = XCBuildConfiguration;
			buildSettings = {
				ALWAYS_SEARCH_USER_PATHS = NO;
				CLANG_ENABLE_OBJC_WEAK = YES;
				COPY_PHASE_STRIP = YES;
				GCC_GENERATE_DEBUGGING_SYMBOLS = NO;
				GCC_PRECOMPILE_PREFIX_HEADER = NO;
				GCC_WARN_FOUR_CHARACTER_CONSTANTS = NO;
				GCC_WARN_UNKNOWN_PRAGMAS = NO;
				INFOPLIST_FILE = Info.plist;
				LIBRARY_STYLE = BUNDLE;
				OTHER_CFLAGS = "";
				PRODUCT_BUNDLE_IDENTIFIER = com.makotoy.MyColorUnit;
				PRODUCT_NAME = MyColorUnit;
				WARNING_CFLAGS = (
					"-Wmost",
					"-Wno-four-char-constants",
					"-Wno-unknown-pragmas",
				);
				WRAPPER_EXTENSION = plugin;
			};
			name = Deployment;
		};
		01E2165C09EDACA200E66AF8 /* Development */ = {
			isa = XCBuildConfiguration;
			buildSettings = {
				CLANG_WARN_BLOCK_CAPTURE_AUTORELEASING = YES;
				CLANG_WARN_BOOL_CONVERSION = YES;
				CLANG_WARN_COMMA = YES;
				CLANG_WARN_CONSTANT_CONVERSION = YES;
				CLANG_WARN_DEPRECATED_OBJC_IMPLEMENTATIONS = YES;
				CLANG_WARN_EMPTY_BODY = YES;
				CLANG_WARN_ENUM_CONVERSION = YES;
				CLANG_WARN_INFINITE_RECURSION = YES;
				CLANG_WARN_INT_CONVERSION = YES;
				CLANG_WARN_NON_LITERAL_NULL_CONVERSION = YES;
				CLANG_WARN_OBJC_IMPLICIT_RETAIN_SELF = YES;
				CLANG_WARN_OBJC_LITERAL_CONVERSION = YES;
				CLANG_WARN_QUOTED_INCLUDE_IN_FRAMEWORK_HEADER = YES;
				CLANG_WARN_RANGE_LOOP_ANALYSIS = YES;
				CLANG_WARN_STRICT_PROTOTYPES = YES;
				CLANG_WARN_SUSPICIOUS_MOVE = YES;
				CLANG_WARN_UNREACHABLE_CODE = YES;
				CLANG_WARN__DUPLICATE_METHOD_MATCH = YES;
				ENABLE_STRICT_OBJC_MSGSEND = YES;
				ENABLE_TESTABILITY = YES;
				GCC_NO_COMMON_BLOCKS = YES;
				GCC_WARN_64_TO_32_BIT_CONVERSION = YES;
				GCC_WARN_ABOUT_RETURN_TYPE = YES;
				GCC_WARN_UNDECLARED_SELECTOR = YES;
				GCC_WARN_UNINITIALIZED_AUTOS = YES;
				GCC_WARN_UNUSED_FUNCTION = YES;
				GCC_WARN_UNUSED_VARIABLE = YES;
				ONLY_ACTIVE_ARCH = YES;
			};
			name = Development;
		};
		01E2165D09EDACA200E66AF8 /* Deployment */ = {
			isa = XCBuildConfiguration;
			buildSettings = {
				CLANG_WARN_BLOCK_CAPTURE_AUTORELEASING = YES;
				CLANG_WARN_BOOL_CONVERSION = YES;
				CLANG_WARN_COMMA = YES;
				CLANG_WARN_CONSTANT_CONVERSION = YES;
				CLANG_WARN_DEPRECATED_OBJC_IMPLEMENTATIONS = YES;
				CLANG_WARN_EMPTY_BODY = YES;
				CLANG_WARN_ENUM_CONVERSION = YES;
				CLANG_WARN_INFINITE_RECURSION = YES;
				CLANG_WARN_INT_CONVERSION = YES;
				CLANG_WARN_NON_LITERAL_NULL_CONVERSION = YES;
				CLANG_WARN_OBJC_IMPLICIT_RETAIN_SELF = YES;
				CLANG_WARN_OBJC_LITERAL_CONVERSION = YES;
				CLANG_WARN_QUOTED_INCLUDE_IN_FRAMEWORK_HEADER = YES;
				CLANG_WARN_RANGE_LOOP_ANALYSIS = YES;
				CLANG_WARN_STRICT_PROTOTYPES = YES;
				CLANG_WARN_SUSPICIOUS_MOVE = YES;
				CLANG_WARN_UNREACHABLE_CODE = YES;
				CLANG_WARN__DUPLICATE_METHOD_MATCH = YES;
				ENABLE_STRICT_OBJC_MSGSEND = YES;
				GCC_NO_COMMON_BLOCKS = YES;
				GCC_WARN_64_TO_32_BIT_CONVERSION = YES;
				GCC_WARN_ABOUT_RETURN_TYPE = YES;
				GCC_WARN_UNDECLARED_SELECTOR = YES;
				GCC_WARN_UNINITIALIZED_AUTOS = YES;
				GCC_WARN_UNUSED_FUNCTION = YES;
				GCC_WARN_UNUSED_VARIABLE = YES;
			};
			name = Deployment;
		};
/* End XCBuildConfiguration section */

/* Begin XCConfigurationList section */
		01E2165709EDACA200E66AF8 /* Build configuration list for PBXNativeTarget "MyColorUnit" */ = {
			isa = XCConfigurationList;
			buildConfigurations = (
				01E2165809EDACA200E66AF8 /* Development */,
				01E2165909EDACA200E66AF8 /* Deployment */,
			);
			defaultConfigurationIsVisible = 0;
			defaultConfigurationName = Deployment;
		};
		01E2165B09EDACA200E66AF8 /* Build configuration list for PBXProject "MyColorUnit" */ = {
			isa = XCConfigurationList;
			buildConfigurations = (
				01E2165C09EDACA200E66AF8 /* Development */,
				01E2165D09EDACA200E66AF8 /* Deployment */,
			);
			defaultConfigurationIsVisible = 0;
			defaultConfigurationName = Deployment;
		};
/* End XCConfigurationList section */
	};
	rootObject = 089C1669FE841209C02AAC07 /* Project object */;
}
